
Microsoft Visual Studio Solution File, Format Version 12.00
# Visual Studio Version 17
VisualStudioVersion = 17.3.32929.385
MinimumVisualStudioVersion = 10.0.40219.1
Project("{9A19103F-16F7-4668-BE54-9A1E7A4F7556}") = "Simon", "Simon\Simon.csproj", "{688D5C74-5070-43AF-B12C-F23CC45AE2F4}"
EndProject
Global
	GlobalSection(SolutionConfigurationPlatforms) = preSolution
		Debug|Any CPU = Debug|Any CPU
		Release|Any CPU = Release|Any CPU
	EndGlobalSection
	GlobalSection(ProjectConfigurationPlatforms) = postSolution
		{688D5C74-5070-43AF-B12C-F23CC45AE2F4}.Debug|Any CPU.ActiveCfg = Debug|Any CPU
		{688D5C74-5070-43AF-B12C-F23CC45AE2F4}.Debug|Any CPU.Build.0 = Debug|Any CPU
		{688D5C74-5070-43AF-B12C-F23CC45AE2F4}.Release|Any CPU.ActiveCfg = Release|Any CPU
		{688D5C74-5070-43AF-B12C-F23CC45AE2F4}.Release|Any CPU.Build.0 = Release|Any CPU
	EndGlobalSection
	GlobalSection(SolutionProperties) = preSolution
		HideSolutionNode = FALSE
	EndGlobalSection
	GlobalSection(ExtensibilityGlobals) = postSolution
		SolutionGuid = {24C75662-8407-4387-95EF-35B9FF26CF06}
	EndGlobalSection
EndGlobal
